
Microsoft Visual Studio Solution File, Format Version 12.00
# Visual Studio Version 17
VisualStudioVersion = 17.5.33530.505
MinimumVisualStudioVersion = 10.0.40219.1
Project("{FAE04EC0-301F-11D3-BF4B-00C04F79EFBC}") = "GildedRose", "GildedRose\GildedRose.csproj", "{3CA08D07-C970-4F92-B21C-646F04A28FB2}"
EndProject
Project("{FAE04EC0-301F-11D3-BF4B-00C04F79EFBC}") = "GildedRose.Test", "GildedRose.Test\GildedRose.Test.csproj", "{0C32540C-492E-4951-8E08-107285D967E5}"
EndProject
Global
	GlobalSection(SolutionConfigurationPlatforms) = preSolution
		Debug|Any CPU = Debug|Any CPU
		Release|Any CPU = Release|Any CPU
	EndGlobalSection
	GlobalSection(ProjectConfigurationPlatforms) = postSolution
		{3CA08D07-C970-4F92-B21C-646F04A28FB2}.Debug|Any CPU.ActiveCfg = Debug|Any CPU
		{3CA08D07-C970-4F92-B21C-646F04A28FB2}.Debug|Any CPU.Build.0 = Debug|Any CPU
		{3CA08D07-C970-4F92-B21C-646F04A28FB2}.Release|Any CPU.ActiveCfg = Release|Any CPU
		{3CA08D07-C970-4F92-B21C-646F04A28FB2}.Release|Any CPU.Build.0 = Release|Any CPU
		{0C32540C-492E-4951-8E08-107285D967E5}.Debug|Any CPU.ActiveCfg = Debug|Any CPU
		{0C32540C-492E-4951-8E08-107285D967E5}.Debug|Any CPU.Build.0 = Debug|Any CPU
		{0C32540C-492E-4951-8E08-107285D967E5}.Release|Any CPU.ActiveCfg = Release|Any CPU
		{0C32540C-492E-4951-8E08-107285D967E5}.Release|Any CPU.Build.0 = Release|Any CPU
	EndGlobalSection
	GlobalSection(SolutionProperties) = preSolution
		HideSolutionNode = FALSE
	EndGlobalSection
	GlobalSection(ExtensibilityGlobals) = postSolution
		SolutionGuid = {EF05A8E8-647F-43D4-8DA4-35C9E47E2AB7}
	EndGlobalSection
EndGlobal
